{
    "_meta": {
        "hash": {
            "sha256": "1e86ca0b388878c3ee67a374defe78e65edb709ad68921133070e3e0e5abb744"
        },
        "pipfile-spec": 6,
        "requires": {
            "python_version": "3.6"
        },
        "sources": [
            {
                "name": "pypi",
                "url": "https://pypi.org/simple",
                "verify_ssl": true
            }
        ]
    },
    "default": {
        "pelican-lesscpy": {
            "path": "."
        }
    },
    "develop": {}
}
